
Microsoft Visual Studio Solution File, Format Version 12.00
# Visual Studio Version 17
VisualStudioVersion = 17.4.33110.190
MinimumVisualStudioVersion = 10.0.40219.1
Project("{FAE04EC0-301F-11D3-BF4B-00C04F79EFBC}") = "Mk-Docs-Server", "Mk-Docs-Server\Mk-Docs-Server.csproj", "{E152C55C-499F-4DFD-9842-70E5C02C4136}"
EndProject
Project("{FAE04EC0-301F-11D3-BF4B-00C04F79EFBC}") = "MK-Docs-Updater", "MK-Docs-Updater\MK-Docs-Updater.csproj", "{132041C0-ADB7-488F-981C-8C9CC7D85264}"
EndProject
Global
	GlobalSection(SolutionConfigurationPlatforms) = preSolution
		Debug|Any CPU = Debug|Any CPU
		Release|Any CPU = Release|Any CPU
	EndGlobalSection
	GlobalSection(ProjectConfigurationPlatforms) = postSolution
		{E152C55C-499F-4DFD-9842-70E5C02C4136}.Debug|Any CPU.ActiveCfg = Debug|Any CPU
		{E152C55C-499F-4DFD-9842-70E5C02C4136}.Debug|Any CPU.Build.0 = Debug|Any CPU
		{E152C55C-499F-4DFD-9842-70E5C02C4136}.Release|Any CPU.ActiveCfg = Release|Any CPU
		{E152C55C-499F-4DFD-9842-70E5C02C4136}.Release|Any CPU.Build.0 = Release|Any CPU
		{132041C0-ADB7-488F-981C-8C9CC7D85264}.Debug|Any CPU.ActiveCfg = Debug|Any CPU
		{132041C0-ADB7-488F-981C-8C9CC7D85264}.Debug|Any CPU.Build.0 = Debug|Any CPU
		{132041C0-ADB7-488F-981C-8C9CC7D85264}.Release|Any CPU.ActiveCfg = Release|Any CPU
		{132041C0-ADB7-488F-981C-8C9CC7D85264}.Release|Any CPU.Build.0 = Release|Any CPU
	EndGlobalSection
	GlobalSection(SolutionProperties) = preSolution
		HideSolutionNode = FALSE
	EndGlobalSection
	GlobalSection(ExtensibilityGlobals) = postSolution
		SolutionGuid = {21F907E9-004E-4EEE-A2DF-81C5BE61180B}
	EndGlobalSection
EndGlobal
